
Microsoft Visual Studio Solution File, Format Version 12.00
# Visual Studio Version 16
VisualStudioVersion = 16.0.29709.97
MinimumVisualStudioVersion = 10.0.40219.1
Project("{FAE04EC0-301F-11D3-BF4B-00C04F79EFBC}") = "TicTacToe", "TicTacToe\TicTacToe.csproj", "{0F8A1DED-0705-441D-AE8A-699A9C855BBC}"
EndProject
Global
	GlobalSection(SolutionConfigurationPlatforms) = preSolution
		Debug|Any CPU = Debug|Any CPU
		Release|Any CPU = Release|Any CPU
	EndGlobalSection
	GlobalSection(ProjectConfigurationPlatforms) = postSolution
		{0F8A1DED-0705-441D-AE8A-699A9C855BBC}.Debug|Any CPU.ActiveCfg = Debug|Any CPU
		{0F8A1DED-0705-441D-AE8A-699A9C855BBC}.Debug|Any CPU.Build.0 = Debug|Any CPU
		{0F8A1DED-0705-441D-AE8A-699A9C855BBC}.Release|Any CPU.ActiveCfg = Release|Any CPU
		{0F8A1DED-0705-441D-AE8A-699A9C855BBC}.Release|Any CPU.Build.0 = Release|Any CPU
	EndGlobalSection
	GlobalSection(SolutionProperties) = preSolution
		HideSolutionNode = FALSE
	EndGlobalSection
	GlobalSection(ExtensibilityGlobals) = postSolution
		SolutionGuid = {7F025058-26C7-46CE-9D62-27C1C44EF420}
	EndGlobalSection
EndGlobal
